# THIS IS AN AUTOGENERATED FILE. DO NOT EDIT THIS FILE DIRECTLY.
# yarn lockfile v1


ignite-andross@^3.0.2:
  version "3.0.2"
  resolved "http://registry.npm.taobao.org/ignite-andross/download/ignite-andross-3.0.2.tgz#505b4d261d5a923c7f51cbf9589c75002a38d32c"
  dependencies:
    ramda "^0.23.0"

ramda@^0.23.0:
  version "0.23.0"
  resolved "http://registry.npm.taobao.org/ramda/download/ramda-0.23.0.tgz#ccd13fff73497a93974e3e86327bfd87bd6e8e2b"
